
Microsoft Visual Studio Solution File, Format Version 12.00
# Visual Studio Version 17
VisualStudioVersion = 17.7.34031.279
MinimumVisualStudioVersion = 10.0.40219.1
Project("{FAE04EC0-301F-11D3-BF4B-00C04F79EFBC}") = "Tic Tac Game -XO Game-", "Tic Tac Game -XO Game-.csproj", "{2EFD52F0-3AE7-4FDD-92F8-C958E189CC87}"
EndProject
Global
	GlobalSection(SolutionConfigurationPlatforms) = preSolution
		Debug|Any CPU = Debug|Any CPU
		Release|Any CPU = Release|Any CPU
	EndGlobalSection
	GlobalSection(ProjectConfigurationPlatforms) = postSolution
		{2EFD52F0-3AE7-4FDD-92F8-C958E189CC87}.Debug|Any CPU.ActiveCfg = Debug|Any CPU
		{2EFD52F0-3AE7-4FDD-92F8-C958E189CC87}.Debug|Any CPU.Build.0 = Debug|Any CPU
		{2EFD52F0-3AE7-4FDD-92F8-C958E189CC87}.Release|Any CPU.ActiveCfg = Release|Any CPU
		{2EFD52F0-3AE7-4FDD-92F8-C958E189CC87}.Release|Any CPU.Build.0 = Release|Any CPU
	EndGlobalSection
	GlobalSection(SolutionProperties) = preSolution
		HideSolutionNode = FALSE
	EndGlobalSection
	GlobalSection(ExtensibilityGlobals) = postSolution
		SolutionGuid = {4D6775B7-F1BA-468F-B549-2FE4CE0445FE}
	EndGlobalSection
EndGlobal
